
Microsoft Visual Studio Solution File, Format Version 12.00
# Visual Studio Version 17
VisualStudioVersion = 17.7.34018.315
MinimumVisualStudioVersion = 10.0.40219.1
Project("{F184B08F-C81C-45F6-A57F-5ABD9991F28F}") = "MangoSDL", "MangoSDL\MangoSDL.vbproj", "{08FB9EEC-60B1-4EA0-B79F-E4E478530337}"
EndProject
Global
	GlobalSection(SolutionConfigurationPlatforms) = preSolution
		Debug|Any CPU = Debug|Any CPU
		Release|Any CPU = Release|Any CPU
	EndGlobalSection
	GlobalSection(ProjectConfigurationPlatforms) = postSolution
		{08FB9EEC-60B1-4EA0-B79F-E4E478530337}.Debug|Any CPU.ActiveCfg = Debug|Any CPU
		{08FB9EEC-60B1-4EA0-B79F-E4E478530337}.Debug|Any CPU.Build.0 = Debug|Any CPU
		{08FB9EEC-60B1-4EA0-B79F-E4E478530337}.Release|Any CPU.ActiveCfg = Release|Any CPU
		{08FB9EEC-60B1-4EA0-B79F-E4E478530337}.Release|Any CPU.Build.0 = Release|Any CPU
	EndGlobalSection
	GlobalSection(SolutionProperties) = preSolution
		HideSolutionNode = FALSE
	EndGlobalSection
	GlobalSection(ExtensibilityGlobals) = postSolution
		SolutionGuid = {E1925C47-427E-4130-9EDC-9491DBA8D003}
	EndGlobalSection
EndGlobal
